// !$*UTF8*$!
{
	archiveVersion = 1;
	classes = {
	};
	objectVersion = 60;
	objects = {

/* Begin PBXBuildFile section */
		3C5F2E582BD3783F00670B64 /* SaveHavenDemoApp.swift in Sources */ = {isa = PBXBuildFile; fileRef = 3C5F2E572BD3783F00670B64 /* SaveHavenDemoApp.swift */; };
		3C5F2E5A2BD3783F00670B64 /* ContentView.swift in Sources */ = {isa = PBXBuildFile; fileRef = 3C5F2E592BD3783F00670B64 /* ContentView.swift */; };
		3C5F2E5C2BD3784100670B64 /* Assets.xcassets in Resources */ = {isa = PBXBuildFile; fileRef = 3C5F2E5B2BD3784100670B64 /* Assets.xcassets */; };
		3C5F2E5F2BD3784100670B64 /* Preview Assets.xcassets in Resources */ = {isa = PBXBuildFile; fileRef = 3C5F2E5E2BD3784100670B64 /* Preview Assets.xcassets */; };
		3C5F2E692BD3784100670B64 /* SavableURLCreatorSpec.swift in Sources */ = {isa = PBXBuildFile; fileRef = 3C5F2E682BD3784100670B64 /* SavableURLCreatorSpec.swift */; };
		3C5F2E832BD3788B00670B64 /* SaveHaven in Frameworks */ = {isa = PBXBuildFile; productRef = 3C5F2E822BD3788B00670B64 /* SaveHaven */; };
		3CBC1D832BD37D6600FC2D50 /* Quick in Frameworks */ = {isa = PBXBuildFile; productRef = 3CBC1D822BD37D6600FC2D50 /* Quick */; };
		3CBC1D862BD37D7800FC2D50 /* Nimble in Frameworks */ = {isa = PBXBuildFile; productRef = 3CBC1D852BD37D7800FC2D50 /* Nimble */; };
		3CBC1D882BD384CD00FC2D50 /* AssetWriterSpec.swift in Sources */ = {isa = PBXBuildFile; fileRef = 3CBC1D872BD384CD00FC2D50 /* AssetWriterSpec.swift */; };
		3CFFC6492BD40F590084C63D /* SaveHavenRepositorySpec.swift in Sources */ = {isa = PBXBuildFile; fileRef = 3CFFC6482BD40F590084C63D /* SaveHavenRepositorySpec.swift */; };
/* End PBXBuildFile section */

/* Begin PBXContainerItemProxy section */
		3C5F2E652BD3784100670B64 /* PBXContainerItemProxy */ = {
			isa = PBXContainerItemProxy;
			containerPortal = 3C5F2E4C2BD3783F00670B64 /* Project object */;
			proxyType = 1;
			remoteGlobalIDString = 3C5F2E532BD3783F00670B64;
			remoteInfo = SaveHavenDemo;
		};
/* End PBXContainerItemProxy section */

/* Begin PBXFileReference section */
		3C5F2E542BD3783F00670B64 /* SaveHavenDemo.app */ = {isa = PBXFileReference; explicitFileType = wrapper.application; includeInIndex = 0; path = SaveHavenDemo.app; sourceTree = BUILT_PRODUCTS_DIR; };
		3C5F2E572BD3783F00670B64 /* SaveHavenDemoApp.swift */ = {isa = PBXFileReference; lastKnownFileType = sourcecode.swift; path = SaveHavenDemoApp.swift; sourceTree = "<group>"; };
		3C5F2E592BD3783F00670B64 /* ContentView.swift */ = {isa = PBXFileReference; lastKnownFileType = sourcecode.swift; path = ContentView.swift; sourceTree = "<group>"; };
		3C5F2E5B2BD3784100670B64 /* Assets.xcassets */ = {isa = PBXFileReference; lastKnownFileType = folder.assetcatalog; path = Assets.xcassets; sourceTree = "<group>"; };
		3C5F2E5E2BD3784100670B64 /* Preview Assets.xcassets */ = {isa = PBXFileReference; lastKnownFileType = folder.assetcatalog; path = "Preview Assets.xcassets"; sourceTree = "<group>"; };
		3C5F2E642BD3784100670B64 /* SaveHavenDemoTests.xctest */ = {isa = PBXFileReference; explicitFileType = wrapper.cfbundle; includeInIndex = 0; path = SaveHavenDemoTests.xctest; sourceTree = BUILT_PRODUCTS_DIR; };
		3C5F2E682BD3784100670B64 /* SavableURLCreatorSpec.swift */ = {isa = PBXFileReference; lastKnownFileType = sourcecode.swift; path = SavableURLCreatorSpec.swift; sourceTree = "<group>"; };
		3CBC1D872BD384CD00FC2D50 /* AssetWriterSpec.swift */ = {isa = PBXFileReference; lastKnownFileType = sourcecode.swift; path = AssetWriterSpec.swift; sourceTree = "<group>"; };
		3CFFC6482BD40F590084C63D /* SaveHavenRepositorySpec.swift */ = {isa = PBXFileReference; lastKnownFileType = sourcecode.swift; path = SaveHavenRepositorySpec.swift; sourceTree = "<group>"; };
		3CFFC64C2BD5A0F90084C63D /* SaveHavenDemo.xctestplan */ = {isa = PBXFileReference; lastKnownFileType = text; path = SaveHavenDemo.xctestplan; sourceTree = "<group>"; };
/* End PBXFileReference section */

/* Begin PBXFrameworksBuildPhase section */
		3C5F2E512BD3783F00670B64 /* Frameworks */ = {
			isa = PBXFrameworksBuildPhase;
			buildActionMask = 2147483647;
			files = (
				3C5F2E832BD3788B00670B64 /* SaveHaven in Frameworks */,
			);
			runOnlyForDeploymentPostprocessing = 0;
		};
		3C5F2E612BD3784100670B64 /* Frameworks */ = {
			isa = PBXFrameworksBuildPhase;
			buildActionMask = 2147483647;
			files = (
				3CBC1D832BD37D6600FC2D50 /* Quick in Frameworks */,
				3CBC1D862BD37D7800FC2D50 /* Nimble in Frameworks */,
			);
			runOnlyForDeploymentPostprocessing = 0;
		};
/* End PBXFrameworksBuildPhase section */

/* Begin PBXGroup section */
		3C5F2E4B2BD3783F00670B64 = {
			isa = PBXGroup;
			children = (
				3CFFC64C2BD5A0F90084C63D /* SaveHavenDemo.xctestplan */,
				3C5F2E562BD3783F00670B64 /* SaveHavenDemo */,
				3C5F2E672BD3784100670B64 /* SaveHavenDemoTests */,
				3C5F2E552BD3783F00670B64 /* Products */,
			);
			sourceTree = "<group>";
		};
		3C5F2E552BD3783F00670B64 /* Products */ = {
			isa = PBXGroup;
			children = (
				3C5F2E542BD3783F00670B64 /* SaveHavenDemo.app */,
				3C5F2E642BD3784100670B64 /* SaveHavenDemoTests.xctest */,
			);
			name = Products;
			sourceTree = "<group>";
		};
		3C5F2E562BD3783F00670B64 /* SaveHavenDemo */ = {
			isa = PBXGroup;
			children = (
				3C5F2E572BD3783F00670B64 /* SaveHavenDemoApp.swift */,
				3C5F2E592BD3783F00670B64 /* ContentView.swift */,
				3C5F2E5B2BD3784100670B64 /* Assets.xcassets */,
				3C5F2E5D2BD3784100670B64 /* Preview Content */,
			);
			path = SaveHavenDemo;
			sourceTree = "<group>";
		};
		3C5F2E5D2BD3784100670B64 /* Preview Content */ = {
			isa = PBXGroup;
			children = (
				3C5F2E5E2BD3784100670B64 /* Preview Assets.xcassets */,
			);
			path = "Preview Content";
			sourceTree = "<group>";
		};
		3C5F2E672BD3784100670B64 /* SaveHavenDemoTests */ = {
			isa = PBXGroup;
			children = (
				3C5F2E682BD3784100670B64 /* SavableURLCreatorSpec.swift */,
				3CBC1D872BD384CD00FC2D50 /* AssetWriterSpec.swift */,
				3CFFC6482BD40F590084C63D /* SaveHavenRepositorySpec.swift */,
			);
			path = SaveHavenDemoTests;
			sourceTree = "<group>";
		};
/* End PBXGroup section */

/* Begin PBXNativeTarget section */
		3C5F2E532BD3783F00670B64 /* SaveHavenDemo */ = {
			isa = PBXNativeTarget;
			buildConfigurationList = 3C5F2E782BD3784100670B64 /* Build configuration list for PBXNativeTarget "SaveHavenDemo" */;
			buildPhases = (
				3C5F2E502BD3783F00670B64 /* Sources */,
				3C5F2E512BD3783F00670B64 /* Frameworks */,
				3C5F2E522BD3783F00670B64 /* Resources */,
			);
			buildRules = (
			);
			dependencies = (
			);
			name = SaveHavenDemo;
			packageProductDependencies = (
				3C5F2E822BD3788B00670B64 /* SaveHaven */,
			);
			productName = SaveHavenDemo;
			productReference = 3C5F2E542BD3783F00670B64 /* SaveHavenDemo.app */;
			productType = "com.apple.product-type.application";
		};
		3C5F2E632BD3784100670B64 /* SaveHavenDemoTests */ = {
			isa = PBXNativeTarget;
			buildConfigurationList = 3C5F2E7B2BD3784100670B64 /* Build configuration list for PBXNativeTarget "SaveHavenDemoTests" */;
			buildPhases = (
				3C5F2E602BD3784100670B64 /* Sources */,
				3C5F2E612BD3784100670B64 /* Frameworks */,
				3C5F2E622BD3784100670B64 /* Resources */,
			);
			buildRules = (
			);
			dependencies = (
				3C5F2E662BD3784100670B64 /* PBXTargetDependency */,
			);
			name = SaveHavenDemoTests;
			packageProductDependencies = (
				3CBC1D822BD37D6600FC2D50 /* Quick */,
				3CBC1D852BD37D7800FC2D50 /* Nimble */,
			);
			productName = SaveHavenDemoTests;
			productReference = 3C5F2E642BD3784100670B64 /* SaveHavenDemoTests.xctest */;
			productType = "com.apple.product-type.bundle.unit-test";
		};
/* End PBXNativeTarget section */

/* Begin PBXProject section */
		3C5F2E4C2BD3783F00670B64 /* Project object */ = {
			isa = PBXProject;
			attributes = {
				BuildIndependentTargetsInParallel = 1;
				LastSwiftUpdateCheck = 1510;
				LastUpgradeCheck = 1510;
				TargetAttributes = {
					3C5F2E532BD3783F00670B64 = {
						CreatedOnToolsVersion = 15.1;
					};
					3C5F2E632BD3784100670B64 = {
						CreatedOnToolsVersion = 15.1;
						TestTargetID = 3C5F2E532BD3783F00670B64;
					};
				};
			};
			buildConfigurationList = 3C5F2E4F2BD3783F00670B64 /* Build configuration list for PBXProject "SaveHavenDemo" */;
			compatibilityVersion = "Xcode 14.0";
			developmentRegion = en;
			hasScannedForEncodings = 0;
			knownRegions = (
				en,
				Base,
			);
			mainGroup = 3C5F2E4B2BD3783F00670B64;
			packageReferences = (
				3C5F2E812BD3788B00670B64 /* XCLocalSwiftPackageReference "../SaveHaven" */,
				3CBC1D812BD37D6600FC2D50 /* XCRemoteSwiftPackageReference "quick" */,
				3CBC1D842BD37D7800FC2D50 /* XCRemoteSwiftPackageReference "nimble" */,
			);
			productRefGroup = 3C5F2E552BD3783F00670B64 /* Products */;
			projectDirPath = "";
			projectRoot = "";
			targets = (
				3C5F2E532BD3783F00670B64 /* SaveHavenDemo */,
				3C5F2E632BD3784100670B64 /* SaveHavenDemoTests */,
			);
		};
/* End PBXProject section */

/* Begin PBXResourcesBuildPhase section */
		3C5F2E522BD3783F00670B64 /* Resources */ = {
			isa = PBXResourcesBuildPhase;
			buildActionMask = 2147483647;
			files = (
				3C5F2E5F2BD3784100670B64 /* Preview Assets.xcassets in Resources */,
				3C5F2E5C2BD3784100670B64 /* Assets.xcassets in Resources */,
			);
			runOnlyForDeploymentPostprocessing = 0;
		};
		3C5F2E622BD3784100670B64 /* Resources */ = {
			isa = PBXResourcesBuildPhase;
			buildActionMask = 2147483647;
			files = (
			);
			runOnlyForDeploymentPostprocessing = 0;
		};
/* End PBXResourcesBuildPhase section */

/* Begin PBXSourcesBuildPhase section */
		3C5F2E502BD3783F00670B64 /* Sources */ = {
			isa = PBXSourcesBuildPhase;
			buildActionMask = 2147483647;
			files = (
				3C5F2E5A2BD3783F00670B64 /* ContentView.swift in Sources */,
				3C5F2E582BD3783F00670B64 /* SaveHavenDemoApp.swift in Sources */,
			);
			runOnlyForDeploymentPostprocessing = 0;
		};
		3C5F2E602BD3784100670B64 /* Sources */ = {
			isa = PBXSourcesBuildPhase;
			buildActionMask = 2147483647;
			files = (
				3CBC1D882BD384CD00FC2D50 /* AssetWriterSpec.swift in Sources */,
				3CFFC6492BD40F590084C63D /* SaveHavenRepositorySpec.swift in Sources */,
				3C5F2E692BD3784100670B64 /* SavableURLCreatorSpec.swift in Sources */,
			);
			runOnlyForDeploymentPostprocessing = 0;
		};
/* End PBXSourcesBuildPhase section */

/* Begin PBXTargetDependency section */
		3C5F2E662BD3784100670B64 /* PBXTargetDependency */ = {
			isa = PBXTargetDependency;
			target = 3C5F2E532BD3783F00670B64 /* SaveHavenDemo */;
			targetProxy = 3C5F2E652BD3784100670B64 /* PBXContainerItemProxy */;
		};
/* End PBXTargetDependency section */

/* Begin XCBuildConfiguration section */
		3C5F2E762BD3784100670B64 /* Debug */ = {
			isa = XCBuildConfiguration;
			buildSettings = {
				ALWAYS_SEARCH_USER_PATHS = NO;
				ASSETCATALOG_COMPILER_GENERATE_SWIFT_ASSET_SYMBOL_EXTENSIONS = YES;
				CLANG_ANALYZER_NONNULL = YES;
				CLANG_ANALYZER_NUMBER_OBJECT_CONVERSION = YES_AGGRESSIVE;
				CLANG_CXX_LANGUAGE_STANDARD = "gnu++20";
				CLANG_ENABLE_MODULES = YES;
				CLANG_ENABLE_OBJC_ARC = YES;
				CLANG_ENABLE_OBJC_WEAK = YES;
				CLANG_WARN_BLOCK_CAPTURE_AUTORELEASING = YES;
				CLANG_WARN_BOOL_CONVERSION = YES;
				CLANG_WARN_COMMA = YES;
				CLANG_WARN_CONSTANT_CONVERSION = YES;
				CLANG_WARN_DEPRECATED_OBJC_IMPLEMENTATIONS = YES;
				CLANG_WARN_DIRECT_OBJC_ISA_USAGE = YES_ERROR;
				CLANG_WARN_DOCUMENTATION_COMMENTS = YES;
				CLANG_WARN_EMPTY_BODY = YES;
				CLANG_WARN_ENUM_CONVERSION = YES;
				CLANG_WARN_INFINITE_RECURSION = YES;
				CLANG_WARN_INT_CONVERSION = YES;
				CLANG_WARN_NON_LITERAL_NULL_CONVERSION = YES;
				CLANG_WARN_OBJC_IMPLICIT_RETAIN_SELF = YES;
				CLANG_WARN_OBJC_LITERAL_CONVERSION = YES;
				CLANG_WARN_OBJC_ROOT_CLASS = YES_ERROR;
				CLANG_WARN_QUOTED_INCLUDE_IN_FRAMEWORK_HEADER = YES;
				CLANG_WARN_RANGE_LOOP_ANALYSIS = YES;
				CLANG_WARN_STRICT_PROTOTYPES = YES;
				CLANG_WARN_SUSPICIOUS_MOVE = YES;
				CLANG_WARN_UNGUARDED_AVAILABILITY = YES_AGGRESSIVE;
				CLANG_WARN_UNREACHABLE_CODE = YES;
				CLANG_WARN__DUPLICATE_METHOD_MATCH = YES;
				COPY_PHASE_STRIP = NO;
				DEBUG_INFORMATION_FORMAT = dwarf;
				ENABLE_STRICT_OBJC_MSGSEND = YES;
				ENABLE_TESTABILITY = YES;
				ENABLE_USER_SCRIPT_SANDBOXING = YES;
				GCC_C_LANGUAGE_STANDARD = gnu17;
				GCC_DYNAMIC_NO_PIC = NO;
				GCC_NO_COMMON_BLOCKS = YES;
				GCC_OPTIMIZATION_LEVEL = 0;
				GCC_PREPROCESSOR_DEFINITIONS = (
					"DEBUG=1",
					"$(inherited)",
				);
				GCC_WARN_64_TO_32_BIT_CONVERSION = YES;
				GCC_WARN_ABOUT_RETURN_TYPE = YES_ERROR;
				GCC_WARN_UNDECLARED_SELECTOR = YES;
				GCC_WARN_UNINITIALIZED_AUTOS = YES_AGGRESSIVE;
				GCC_WARN_UNUSED_FUNCTION = YES;
				GCC_WARN_UNUSED_VARIABLE = YES;
				IPHONEOS_DEPLOYMENT_TARGET = 17.2;
				LOCALIZATION_PREFERS_STRING_CATALOGS = YES;
				MTL_ENABLE_DEBUG_INFO = INCLUDE_SOURCE;
				MTL_FAST_MATH = YES;
				ONLY_ACTIVE_ARCH = YES;
				SDKROOT = iphoneos;
				SWIFT_ACTIVE_COMPILATION_CONDITIONS = "DEBUG $(inherited)";
				SWIFT_OPTIMIZATION_LEVEL = "-Onone";
			};
			name = Debug;
		};
		3C5F2E772BD3784100670B64 /* Release */ = {
			isa = XCBuildConfiguration;
			buildSettings = {
				ALWAYS_SEARCH_USER_PATHS = NO;
				ASSETCATALOG_COMPILER_GENERATE_SWIFT_ASSET_SYMBOL_EXTENSIONS = YES;
				CLANG_ANALYZER_NONNULL = YES;
				CLANG_ANALYZER_NUMBER_OBJECT_CONVERSION = YES_AGGRESSIVE;
				CLANG_CXX_LANGUAGE_STANDARD = "gnu++20";
				CLANG_ENABLE_MODULES = YES;
				CLANG_ENABLE_OBJC_ARC = YES;
				CLANG_ENABLE_OBJC_WEAK = YES;
				CLANG_WARN_BLOCK_CAPTURE_AUTORELEASING = YES;
				CLANG_WARN_BOOL_CONVERSION = YES;
				CLANG_WARN_COMMA = YES;
				CLANG_WARN_CONSTANT_CONVERSION = YES;
				CLANG_WARN_DEPRECATED_OBJC_IMPLEMENTATIONS = YES;
				CLANG_WARN_DIRECT_OBJC_ISA_USAGE = YES_ERROR;
				CLANG_WARN_DOCUMENTATION_COMMENTS = YES;
				CLANG_WARN_EMPTY_BODY = YES;
				CLANG_WARN_ENUM_CONVERSION = YES;
				CLANG_WARN_INFINITE_RECURSION = YES;
				CLANG_WARN_INT_CONVERSION = YES;
				CLANG_WARN_NON_LITERAL_NULL_CONVERSION = YES;
				CLANG_WARN_OBJC_IMPLICIT_RETAIN_SELF = YES;
				CLANG_WARN_OBJC_LITERAL_CONVERSION = YES;
				CLANG_WARN_OBJC_ROOT_CLASS = YES_ERROR;
				CLANG_WARN_QUOTED_INCLUDE_IN_FRAMEWORK_HEADER = YES;
				CLANG_WARN_RANGE_LOOP_ANALYSIS = YES;
				CLANG_WARN_STRICT_PROTOTYPES = YES;
				CLANG_WARN_SUSPICIOUS_MOVE = YES;
				CLANG_WARN_UNGUARDED_AVAILABILITY = YES_AGGRESSIVE;
				CLANG_WARN_UNREACHABLE_CODE = YES;
				CLANG_WARN__DUPLICATE_METHOD_MATCH = YES;
				COPY_PHASE_STRIP = NO;
				DEBUG_INFORMATION_FORMAT = "dwarf-with-dsym";
				ENABLE_NS_ASSERTIONS = NO;
				ENABLE_STRICT_OBJC_MSGSEND = YES;
				ENABLE_USER_SCRIPT_SANDBOXING = YES;
				GCC_C_LANGUAGE_STANDARD = gnu17;
				GCC_NO_COMMON_BLOCKS = YES;
				GCC_WARN_64_TO_32_BIT_CONVERSION = YES;
				GCC_WARN_ABOUT_RETURN_TYPE = YES_ERROR;
				GCC_WARN_UNDECLARED_SELECTOR = YES;
				GCC_WARN_UNINITIALIZED_AUTOS = YES_AGGRESSIVE;
				GCC_WARN_UNUSED_FUNCTION = YES;
				GCC_WARN_UNUSED_VARIABLE = YES;
				IPHONEOS_DEPLOYMENT_TARGET = 17.2;
				LOCALIZATION_PREFERS_STRING_CATALOGS = YES;
				MTL_ENABLE_DEBUG_INFO = NO;
				MTL_FAST_MATH = YES;
				SDKROOT = iphoneos;
				SWIFT_COMPILATION_MODE = wholemodule;
				VALIDATE_PRODUCT = YES;
			};
			name = Release;
		};
		3C5F2E792BD3784100670B64 /* Debug */ = {
			isa = XCBuildConfiguration;
			buildSettings = {
				ASSETCATALOG_COMPILER_APPICON_NAME = AppIcon;
				ASSETCATALOG_COMPILER_GLOBAL_ACCENT_COLOR_NAME = AccentColor;
				CODE_SIGN_STYLE = Automatic;
				CURRENT_PROJECT_VERSION = 1;
				DEVELOPMENT_ASSET_PATHS = "\"SaveHavenDemo/Preview Content\"";
				DEVELOPMENT_TEAM = UE52HE9BWK;
				ENABLE_PREVIEWS = YES;
				GENERATE_INFOPLIST_FILE = YES;
				INFOPLIST_KEY_UIApplicationSceneManifest_Generation = YES;
				INFOPLIST_KEY_UIApplicationSupportsIndirectInputEvents = YES;
				INFOPLIST_KEY_UILaunchScreen_Generation = YES;
				INFOPLIST_KEY_UISupportedInterfaceOrientations_iPad = "UIInterfaceOrientationPortrait UIInterfaceOrientationPortraitUpsideDown UIInterfaceOrientationLandscapeLeft UIInterfaceOrientationLandscapeRight";
				INFOPLIST_KEY_UISupportedInterfaceOrientations_iPhone = "UIInterfaceOrientationPortrait UIInterfaceOrientationLandscapeLeft UIInterfaceOrientationLandscapeRight";
				LD_RUNPATH_SEARCH_PATHS = (
					"$(inherited)",
					"@executable_path/Frameworks",
				);
				MARKETING_VERSION = 1.0;
				PRODUCT_BUNDLE_IDENTIFIER = some.organisation.SaveHavenDemo;
				PRODUCT_NAME = "$(TARGET_NAME)";
				SWIFT_EMIT_LOC_STRINGS = YES;
				SWIFT_VERSION = 5.0;
				TARGETED_DEVICE_FAMILY = "1,2";
			};
			name = Debug;
		};
		3C5F2E7A2BD3784100670B64 /* Release */ = {
			isa = XCBuildConfiguration;
			buildSettings = {
				ASSETCATALOG_COMPILER_APPICON_NAME = AppIcon;
				ASSETCATALOG_COMPILER_GLOBAL_ACCENT_COLOR_NAME = AccentColor;
				CODE_SIGN_STYLE = Automatic;
				CURRENT_PROJECT_VERSION = 1;
				DEVELOPMENT_ASSET_PATHS = "\"SaveHavenDemo/Preview Content\"";
				DEVELOPMENT_TEAM = UE52HE9BWK;
				ENABLE_PREVIEWS = YES;
				GENERATE_INFOPLIST_FILE = YES;
				INFOPLIST_KEY_UIApplicationSceneManifest_Generation = YES;
				INFOPLIST_KEY_UIApplicationSupportsIndirectInputEvents = YES;
				INFOPLIST_KEY_UILaunchScreen_Generation = YES;
				INFOPLIST_KEY_UISupportedInterfaceOrientations_iPad = "UIInterfaceOrientationPortrait UIInterfaceOrientationPortraitUpsideDown UIInterfaceOrientationLandscapeLeft UIInterfaceOrientationLandscapeRight";
				INFOPLIST_KEY_UISupportedInterfaceOrientations_iPhone = "UIInterfaceOrientationPortrait UIInterfaceOrientationLandscapeLeft UIInterfaceOrientationLandscapeRight";
				LD_RUNPATH_SEARCH_PATHS = (
					"$(inherited)",
					"@executable_path/Frameworks",
				);
				MARKETING_VERSION = 1.0;
				PRODUCT_BUNDLE_IDENTIFIER = some.organisation.SaveHavenDemo;
				PRODUCT_NAME = "$(TARGET_NAME)";
				SWIFT_EMIT_LOC_STRINGS = YES;
				SWIFT_VERSION = 5.0;
				TARGETED_DEVICE_FAMILY = "1,2";
			};
			name = Release;
		};
		3C5F2E7C2BD3784100670B64 /* Debug */ = {
			isa = XCBuildConfiguration;
			buildSettings = {
				ALWAYS_EMBED_SWIFT_STANDARD_LIBRARIES = YES;
				BUNDLE_LOADER = "$(TEST_HOST)";
				CODE_SIGN_STYLE = Automatic;
				CURRENT_PROJECT_VERSION = 1;
				DEVELOPMENT_TEAM = UE52HE9BWK;
				GENERATE_INFOPLIST_FILE = YES;
				IPHONEOS_DEPLOYMENT_TARGET = 17.2;
				MARKETING_VERSION = 1.0;
				PRODUCT_BUNDLE_IDENTIFIER = some.organisation.SaveHavenDemoTests;
				PRODUCT_NAME = "$(TARGET_NAME)";
				SWIFT_EMIT_LOC_STRINGS = NO;
				SWIFT_VERSION = 5.0;
				TARGETED_DEVICE_FAMILY = "1,2";
				TEST_HOST = "$(BUILT_PRODUCTS_DIR)/SaveHavenDemo.app/$(BUNDLE_EXECUTABLE_FOLDER_PATH)/SaveHavenDemo";
			};
			name = Debug;
		};
		3C5F2E7D2BD3784100670B64 /* Release */ = {
			isa = XCBuildConfiguration;
			buildSettings = {
				ALWAYS_EMBED_SWIFT_STANDARD_LIBRARIES = YES;
				BUNDLE_LOADER = "$(TEST_HOST)";
				CODE_SIGN_STYLE = Automatic;
				CURRENT_PROJECT_VERSION = 1;
				DEVELOPMENT_TEAM = UE52HE9BWK;
				GENERATE_INFOPLIST_FILE = YES;
				IPHONEOS_DEPLOYMENT_TARGET = 17.2;
				MARKETING_VERSION = 1.0;
				PRODUCT_BUNDLE_IDENTIFIER = some.organisation.SaveHavenDemoTests;
				PRODUCT_NAME = "$(TARGET_NAME)";
				SWIFT_EMIT_LOC_STRINGS = NO;
				SWIFT_VERSION = 5.0;
				TARGETED_DEVICE_FAMILY = "1,2";
				TEST_HOST = "$(BUILT_PRODUCTS_DIR)/SaveHavenDemo.app/$(BUNDLE_EXECUTABLE_FOLDER_PATH)/SaveHavenDemo";
			};
			name = Release;
		};
/* End XCBuildConfiguration section */

/* Begin XCConfigurationList section */
		3C5F2E4F2BD3783F00670B64 /* Build configuration list for PBXProject "SaveHavenDemo" */ = {
			isa = XCConfigurationList;
			buildConfigurations = (
				3C5F2E762BD3784100670B64 /* Debug */,
				3C5F2E772BD3784100670B64 /* Release */,
			);
			defaultConfigurationIsVisible = 0;
			defaultConfigurationName = Release;
		};
		3C5F2E782BD3784100670B64 /* Build configuration list for PBXNativeTarget "SaveHavenDemo" */ = {
			isa = XCConfigurationList;
			buildConfigurations = (
				3C5F2E792BD3784100670B64 /* Debug */,
				3C5F2E7A2BD3784100670B64 /* Release */,
			);
			defaultConfigurationIsVisible = 0;
			defaultConfigurationName = Release;
		};
		3C5F2E7B2BD3784100670B64 /* Build configuration list for PBXNativeTarget "SaveHavenDemoTests" */ = {
			isa = XCConfigurationList;
			buildConfigurations = (
				3C5F2E7C2BD3784100670B64 /* Debug */,
				3C5F2E7D2BD3784100670B64 /* Release */,
			);
			defaultConfigurationIsVisible = 0;
			defaultConfigurationName = Release;
		};
/* End XCConfigurationList section */

/* Begin XCLocalSwiftPackageReference section */
		3C5F2E812BD3788B00670B64 /* XCLocalSwiftPackageReference "../SaveHaven" */ = {
			isa = XCLocalSwiftPackageReference;
			relativePath = ../SaveHaven;
		};
/* End XCLocalSwiftPackageReference section */

/* Begin XCRemoteSwiftPackageReference section */
		3CBC1D812BD37D6600FC2D50 /* XCRemoteSwiftPackageReference "quick" */ = {
			isa = XCRemoteSwiftPackageReference;
			repositoryURL = "https://github.com/quick/quick";
			requirement = {
				branch = main;
				kind = branch;
			};
		};
		3CBC1D842BD37D7800FC2D50 /* XCRemoteSwiftPackageReference "nimble" */ = {
			isa = XCRemoteSwiftPackageReference;
			repositoryURL = "https://github.com/quick/nimble";
			requirement = {
				branch = main;
				kind = branch;
			};
		};
/* End XCRemoteSwiftPackageReference section */

/* Begin XCSwiftPackageProductDependency section */
		3C5F2E822BD3788B00670B64 /* SaveHaven */ = {
			isa = XCSwiftPackageProductDependency;
			productName = SaveHaven;
		};
		3CBC1D822BD37D6600FC2D50 /* Quick */ = {
			isa = XCSwiftPackageProductDependency;
			package = 3CBC1D812BD37D6600FC2D50 /* XCRemoteSwiftPackageReference "quick" */;
			productName = Quick;
		};
		3CBC1D852BD37D7800FC2D50 /* Nimble */ = {
			isa = XCSwiftPackageProductDependency;
			package = 3CBC1D842BD37D7800FC2D50 /* XCRemoteSwiftPackageReference "nimble" */;
			productName = Nimble;
		};
/* End XCSwiftPackageProductDependency section */
	};
	rootObject = 3C5F2E4C2BD3783F00670B64 /* Project object */;
}
